
Microsoft Visual Studio Solution File, Format Version 12.00
# Visual Studio Version 16
VisualStudioVersion = 16.0.31424.327
MinimumVisualStudioVersion = 10.0.40219.1
Project("{9A19103F-16F7-4668-BE54-9A1E7A4F7556}") = "G201210352", "G201210352\G201210352.csproj", "{455A916A-FE9F-44FE-A350-02B727A36F54}"
EndProject
Project("{FAE04EC0-301F-11D3-BF4B-00C04F79EFBC}") = "ApiG201210352", "ApiG201210352\ApiG201210352.csproj", "{F23C65F8-AC7C-419D-8D9B-EDF795E2295F}"
EndProject
Global
	GlobalSection(SolutionConfigurationPlatforms) = preSolution
		Debug|Any CPU = Debug|Any CPU
		Release|Any CPU = Release|Any CPU
	EndGlobalSection
	GlobalSection(ProjectConfigurationPlatforms) = postSolution
		{455A916A-FE9F-44FE-A350-02B727A36F54}.Debug|Any CPU.ActiveCfg = Debug|Any CPU
		{455A916A-FE9F-44FE-A350-02B727A36F54}.Debug|Any CPU.Build.0 = Debug|Any CPU
		{455A916A-FE9F-44FE-A350-02B727A36F54}.Release|Any CPU.ActiveCfg = Release|Any CPU
		{455A916A-FE9F-44FE-A350-02B727A36F54}.Release|Any CPU.Build.0 = Release|Any CPU
		{F23C65F8-AC7C-419D-8D9B-EDF795E2295F}.Debug|Any CPU.ActiveCfg = Debug|Any CPU
		{F23C65F8-AC7C-419D-8D9B-EDF795E2295F}.Debug|Any CPU.Build.0 = Debug|Any CPU
		{F23C65F8-AC7C-419D-8D9B-EDF795E2295F}.Release|Any CPU.ActiveCfg = Release|Any CPU
		{F23C65F8-AC7C-419D-8D9B-EDF795E2295F}.Release|Any CPU.Build.0 = Release|Any CPU
	EndGlobalSection
	GlobalSection(SolutionProperties) = preSolution
		HideSolutionNode = FALSE
	EndGlobalSection
	GlobalSection(ExtensibilityGlobals) = postSolution
		SolutionGuid = {6099DCF6-0D91-44D5-AFF0-17F846661543}
	EndGlobalSection
EndGlobal
